// !$*UTF8*$!
{
	archiveVersion = 1;
	classes = {
	};
	objectVersion = 46;
	objects = {

/* Begin PBXBuildFile section */
		0A6B327FDF26869661D4EF86 /* Pods_GoogleMapiOSSampleTests.framework in Frameworks */ = {isa = PBXBuildFile; fileRef = AA88978C290D0C5CAC178DEB /* Pods_GoogleMapiOSSampleTests.framework */; };
		181B4053088A75AD9F391F70 /* Pods_GoogleMapiOSSample.framework in Frameworks */ = {isa = PBXBuildFile; fileRef = 2848257BF46976501B033D9A /* Pods_GoogleMapiOSSample.framework */; };
		1B44F05067A88D833EAB8645 /* Pods_GoogleMapiOSSampleUITests.framework in Frameworks */ = {isa = PBXBuildFile; fileRef = B063B80C26E42F69C94C3020 /* Pods_GoogleMapiOSSampleUITests.framework */; };
		A8DCBA131E263D6600DCA159 /* AppDelegate.swift in Sources */ = {isa = PBXBuildFile; fileRef = A8DCBA121E263D6600DCA159 /* AppDelegate.swift */; };
		A8DCBA151E263D6600DCA159 /* ViewController.swift in Sources */ = {isa = PBXBuildFile; fileRef = A8DCBA141E263D6600DCA159 /* ViewController.swift */; };
		A8DCBA181E263D6600DCA159 /* Main.storyboard in Resources */ = {isa = PBXBuildFile; fileRef = A8DCBA161E263D6600DCA159 /* Main.storyboard */; };
		A8DCBA1A1E263D6600DCA159 /* Assets.xcassets in Resources */ = {isa = PBXBuildFile; fileRef = A8DCBA191E263D6600DCA159 /* Assets.xcassets */; };
		A8DCBA1D1E263D6600DCA159 /* LaunchScreen.storyboard in Resources */ = {isa = PBXBuildFile; fileRef = A8DCBA1B1E263D6600DCA159 /* LaunchScreen.storyboard */; };
		A8DCBA281E263D6600DCA159 /* GoogleMapiOSSampleTests.swift in Sources */ = {isa = PBXBuildFile; fileRef = A8DCBA271E263D6600DCA159 /* GoogleMapiOSSampleTests.swift */; };
		A8DCBA331E263D6600DCA159 /* GoogleMapiOSSampleUITests.swift in Sources */ = {isa = PBXBuildFile; fileRef = A8DCBA321E263D6600DCA159 /* GoogleMapiOSSampleUITests.swift */; };
/* End PBXBuildFile section */

/* Begin PBXContainerItemProxy section */
		A8DCBA241E263D6600DCA159 /* PBXContainerItemProxy */ = {
			isa = PBXContainerItemProxy;
			containerPortal = A8DCBA071E263D6500DCA159 /* Project object */;
			proxyType = 1;
			remoteGlobalIDString = A8DCBA0E1E263D6500DCA159;
			remoteInfo = GoogleMapiOSSample;
		};
		A8DCBA2F1E263D6600DCA159 /* PBXContainerItemProxy */ = {
			isa = PBXContainerItemProxy;
			containerPortal = A8DCBA071E263D6500DCA159 /* Project object */;
			proxyType = 1;
			remoteGlobalIDString = A8DCBA0E1E263D6500DCA159;
			remoteInfo = GoogleMapiOSSample;
		};
/* End PBXContainerItemProxy section */

/* Begin PBXFileReference section */
		1D33184D90A350B5F96BC680 /* Pods-GoogleMapiOSSampleUITests.release.xcconfig */ = {isa = PBXFileReference; includeInIndex = 1; lastKnownFileType = text.xcconfig; name = "Pods-GoogleMapiOSSampleUITests.release.xcconfig"; path = "Pods/Target Support Files/Pods-GoogleMapiOSSampleUITests/Pods-GoogleMapiOSSampleUITests.release.xcconfig"; sourceTree = "<group>"; };
		2848257BF46976501B033D9A /* Pods_GoogleMapiOSSample.framework */ = {isa = PBXFileReference; explicitFileType = wrapper.framework; includeInIndex = 0; path = Pods_GoogleMapiOSSample.framework; sourceTree = BUILT_PRODUCTS_DIR; };
		5C527C131DC783C9EC1B2DD9 /* Pods-GoogleMapiOSSampleUITests.debug.xcconfig */ = {isa = PBXFileReference; includeInIndex = 1; lastKnownFileType = text.xcconfig; name = "Pods-GoogleMapiOSSampleUITests.debug.xcconfig"; path = "Pods/Target Support Files/Pods-GoogleMapiOSSampleUITests/Pods-GoogleMapiOSSampleUITests.debug.xcconfig"; sourceTree = "<group>"; };
		63E0EC6FD6D4890853E0DBB6 /* Pods-GoogleMapiOSSample.debug.xcconfig */ = {isa = PBXFileReference; includeInIndex = 1; lastKnownFileType = text.xcconfig; name = "Pods-GoogleMapiOSSample.debug.xcconfig"; path = "Pods/Target Support Files/Pods-GoogleMapiOSSample/Pods-GoogleMapiOSSample.debug.xcconfig"; sourceTree = "<group>"; };
		7971AB84CDF70E73501A66AA /* Pods-GoogleMapiOSSample.release.xcconfig */ = {isa = PBXFileReference; includeInIndex = 1; lastKnownFileType = text.xcconfig; name = "Pods-GoogleMapiOSSample.release.xcconfig"; path = "Pods/Target Support Files/Pods-GoogleMapiOSSample/Pods-GoogleMapiOSSample.release.xcconfig"; sourceTree = "<group>"; };
		A8DCBA0F1E263D6500DCA159 /* GoogleMapiOSSample.app */ = {isa = PBXFileReference; explicitFileType = wrapper.application; includeInIndex = 0; path = GoogleMapiOSSample.app; sourceTree = BUILT_PRODUCTS_DIR; };
		A8DCBA121E263D6600DCA159 /* AppDelegate.swift */ = {isa = PBXFileReference; lastKnownFileType = sourcecode.swift; path = AppDelegate.swift; sourceTree = "<group>"; };
		A8DCBA141E263D6600DCA159 /* ViewController.swift */ = {isa = PBXFileReference; lastKnownFileType = sourcecode.swift; path = ViewController.swift; sourceTree = "<group>"; };
		A8DCBA171E263D6600DCA159 /* Base */ = {isa = PBXFileReference; lastKnownFileType = file.storyboard; name = Base; path = Base.lproj/Main.storyboard; sourceTree = "<group>"; };
		A8DCBA191E263D6600DCA159 /* Assets.xcassets */ = {isa = PBXFileReference; lastKnownFileType = folder.assetcatalog; path = Assets.xcassets; sourceTree = "<group>"; };
		A8DCBA1C1E263D6600DCA159 /* Base */ = {isa = PBXFileReference; lastKnownFileType = file.storyboard; name = Base; path = Base.lproj/LaunchScreen.storyboard; sourceTree = "<group>"; };
		A8DCBA1E1E263D6600DCA159 /* Info.plist */ = {isa = PBXFileReference; lastKnownFileType = text.plist.xml; path = Info.plist; sourceTree = "<group>"; };
		A8DCBA231E263D6600DCA159 /* GoogleMapiOSSampleTests.xctest */ = {isa = PBXFileReference; explicitFileType = wrapper.cfbundle; includeInIndex = 0; path = GoogleMapiOSSampleTests.xctest; sourceTree = BUILT_PRODUCTS_DIR; };
		A8DCBA271E263D6600DCA159 /* GoogleMapiOSSampleTests.swift */ = {isa = PBXFileReference; lastKnownFileType = sourcecode.swift; path = GoogleMapiOSSampleTests.swift; sourceTree = "<group>"; };
		A8DCBA291E263D6600DCA159 /* Info.plist */ = {isa = PBXFileReference; lastKnownFileType = text.plist.xml; path = Info.plist; sourceTree = "<group>"; };
		A8DCBA2E1E263D6600DCA159 /* GoogleMapiOSSampleUITests.xctest */ = {isa = PBXFileReference; explicitFileType = wrapper.cfbundle; includeInIndex = 0; path = GoogleMapiOSSampleUITests.xctest; sourceTree = BUILT_PRODUCTS_DIR; };
		A8DCBA321E263D6600DCA159 /* GoogleMapiOSSampleUITests.swift */ = {isa = PBXFileReference; lastKnownFileType = sourcecode.swift; path = GoogleMapiOSSampleUITests.swift; sourceTree = "<group>"; };
		A8DCBA341E263D6600DCA159 /* Info.plist */ = {isa = PBXFileReference; lastKnownFileType = text.plist.xml; path = Info.plist; sourceTree = "<group>"; };
		AA88978C290D0C5CAC178DEB /* Pods_GoogleMapiOSSampleTests.framework */ = {isa = PBXFileReference; explicitFileType = wrapper.framework; includeInIndex = 0; path = Pods_GoogleMapiOSSampleTests.framework; sourceTree = BUILT_PRODUCTS_DIR; };
		B063B80C26E42F69C94C3020 /* Pods_GoogleMapiOSSampleUITests.framework */ = {isa = PBXFileReference; explicitFileType = wrapper.framework; includeInIndex = 0; path = Pods_GoogleMapiOSSampleUITests.framework; sourceTree = BUILT_PRODUCTS_DIR; };
		F4F3953E1F9C9BE4F363A4EC /* Pods-GoogleMapiOSSampleTests.release.xcconfig */ = {isa = PBXFileReference; includeInIndex = 1; lastKnownFileType = text.xcconfig; name = "Pods-GoogleMapiOSSampleTests.release.xcconfig"; path = "Pods/Target Support Files/Pods-GoogleMapiOSSampleTests/Pods-GoogleMapiOSSampleTests.release.xcconfig"; sourceTree = "<group>"; };
		FB36D659D7C3A93DDEACE668 /* Pods-GoogleMapiOSSampleTests.debug.xcconfig */ = {isa = PBXFileReference; includeInIndex = 1; lastKnownFileType = text.xcconfig; name = "Pods-GoogleMapiOSSampleTests.debug.xcconfig"; path = "Pods/Target Support Files/Pods-GoogleMapiOSSampleTests/Pods-GoogleMapiOSSampleTests.debug.xcconfig"; sourceTree = "<group>"; };
/* End PBXFileReference section */

/* Begin PBXFrameworksBuildPhase section */
		A8DCBA0C1E263D6500DCA159 /* Frameworks */ = {
			isa = PBXFrameworksBuildPhase;
			buildActionMask = 2147483647;
			files = (
				181B4053088A75AD9F391F70 /* Pods_GoogleMapiOSSample.framework in Frameworks */,
			);
			runOnlyForDeploymentPostprocessing = 0;
		};
		A8DCBA201E263D6600DCA159 /* Frameworks */ = {
			isa = PBXFrameworksBuildPhase;
			buildActionMask = 2147483647;
			files = (
				0A6B327FDF26869661D4EF86 /* Pods_GoogleMapiOSSampleTests.framework in Frameworks */,
			);
			runOnlyForDeploymentPostprocessing = 0;
		};
		A8DCBA2B1E263D6600DCA159 /* Frameworks */ = {
			isa = PBXFrameworksBuildPhase;
			buildActionMask = 2147483647;
			files = (
				1B44F05067A88D833EAB8645 /* Pods_GoogleMapiOSSampleUITests.framework in Frameworks */,
			);
			runOnlyForDeploymentPostprocessing = 0;
		};
/* End PBXFrameworksBuildPhase section */

/* Begin PBXGroup section */
		A8DCBA061E263D6500DCA159 = {
			isa = PBXGroup;
			children = (
				A8DCBA111E263D6500DCA159 /* GoogleMapiOSSample */,
				A8DCBA261E263D6600DCA159 /* GoogleMapiOSSampleTests */,
				A8DCBA311E263D6600DCA159 /* GoogleMapiOSSampleUITests */,
				A8DCBA101E263D6500DCA159 /* Products */,
				F16041C50DF719F5FABDC02B /* Pods */,
				B05BD8BF62BB43342025C1FC /* Frameworks */,
			);
			sourceTree = "<group>";
		};
		A8DCBA101E263D6500DCA159 /* Products */ = {
			isa = PBXGroup;
			children = (
				A8DCBA0F1E263D6500DCA159 /* GoogleMapiOSSample.app */,
				A8DCBA231E263D6600DCA159 /* GoogleMapiOSSampleTests.xctest */,
				A8DCBA2E1E263D6600DCA159 /* GoogleMapiOSSampleUITests.xctest */,
			);
			name = Products;
			sourceTree = "<group>";
		};
		A8DCBA111E263D6500DCA159 /* GoogleMapiOSSample */ = {
			isa = PBXGroup;
			children = (
				A8DCBA121E263D6600DCA159 /* AppDelegate.swift */,
				A8DCBA141E263D6600DCA159 /* ViewController.swift */,
				A8DCBA161E263D6600DCA159 /* Main.storyboard */,
				A8DCBA191E263D6600DCA159 /* Assets.xcassets */,
				A8DCBA1B1E263D6600DCA159 /* LaunchScreen.storyboard */,
				A8DCBA1E1E263D6600DCA159 /* Info.plist */,
			);
			path = GoogleMapiOSSample;
			sourceTree = "<group>";
		};
		A8DCBA261E263D6600DCA159 /* GoogleMapiOSSampleTests */ = {
			isa = PBXGroup;
			children = (
				A8DCBA271E263D6600DCA159 /* GoogleMapiOSSampleTests.swift */,
				A8DCBA291E263D6600DCA159 /* Info.plist */,
			);
			path = GoogleMapiOSSampleTests;
			sourceTree = "<group>";
		};
		A8DCBA311E263D6600DCA159 /* GoogleMapiOSSampleUITests */ = {
			isa = PBXGroup;
			children = (
				A8DCBA321E263D6600DCA159 /* GoogleMapiOSSampleUITests.swift */,
				A8DCBA341E263D6600DCA159 /* Info.plist */,
			);
			path = GoogleMapiOSSampleUITests;
			sourceTree = "<group>";
		};
		B05BD8BF62BB43342025C1FC /* Frameworks */ = {
			isa = PBXGroup;
			children = (
				2848257BF46976501B033D9A /* Pods_GoogleMapiOSSample.framework */,
				AA88978C290D0C5CAC178DEB /* Pods_GoogleMapiOSSampleTests.framework */,
				B063B80C26E42F69C94C3020 /* Pods_GoogleMapiOSSampleUITests.framework */,
			);
			name = Frameworks;
			sourceTree = "<group>";
		};
		F16041C50DF719F5FABDC02B /* Pods */ = {
			isa = PBXGroup;
			children = (
				63E0EC6FD6D4890853E0DBB6 /* Pods-GoogleMapiOSSample.debug.xcconfig */,
				7971AB84CDF70E73501A66AA /* Pods-GoogleMapiOSSample.release.xcconfig */,
				FB36D659D7C3A93DDEACE668 /* Pods-GoogleMapiOSSampleTests.debug.xcconfig */,
				F4F3953E1F9C9BE4F363A4EC /* Pods-GoogleMapiOSSampleTests.release.xcconfig */,
				5C527C131DC783C9EC1B2DD9 /* Pods-GoogleMapiOSSampleUITests.debug.xcconfig */,
				1D33184D90A350B5F96BC680 /* Pods-GoogleMapiOSSampleUITests.release.xcconfig */,
			);
			name = Pods;
			sourceTree = "<group>";
		};
/* End PBXGroup section */

/* Begin PBXNativeTarget section */
		A8DCBA0E1E263D6500DCA159 /* GoogleMapiOSSample */ = {
			isa = PBXNativeTarget;
			buildConfigurationList = A8DCBA371E263D6600DCA159 /* Build configuration list for PBXNativeTarget "GoogleMapiOSSample" */;
			buildPhases = (
				A83C1FCC89BD2205AFE8F496 /* [CP] Check Pods Manifest.lock */,
				A8DCBA0B1E263D6500DCA159 /* Sources */,
				A8DCBA0C1E263D6500DCA159 /* Frameworks */,
				A8DCBA0D1E263D6500DCA159 /* Resources */,
				7E5DD28A3F1E7C4C26CFE7E8 /* [CP] Embed Pods Frameworks */,
				C334DB5ADFEF873AD6470DFD /* [CP] Copy Pods Resources */,
			);
			buildRules = (
			);
			dependencies = (
			);
			name = GoogleMapiOSSample;
			productName = GoogleMapiOSSample;
			productReference = A8DCBA0F1E263D6500DCA159 /* GoogleMapiOSSample.app */;
			productType = "com.apple.product-type.application";
		};
		A8DCBA221E263D6600DCA159 /* GoogleMapiOSSampleTests */ = {
			isa = PBXNativeTarget;
			buildConfigurationList = A8DCBA3A1E263D6600DCA159 /* Build configuration list for PBXNativeTarget "GoogleMapiOSSampleTests" */;
			buildPhases = (
				804B7F3080766B3CB4DA2437 /* [CP] Check Pods Manifest.lock */,
				A8DCBA1F1E263D6600DCA159 /* Sources */,
				A8DCBA201E263D6600DCA159 /* Frameworks */,
				A8DCBA211E263D6600DCA159 /* Resources */,
				CE1A9814A4C3D26A498F5332 /* [CP] Embed Pods Frameworks */,
				4746B325C784445D811A64E6 /* [CP] Copy Pods Resources */,
			);
			buildRules = (
			);
			dependencies = (
				A8DCBA251E263D6600DCA159 /* PBXTargetDependency */,
			);
			name = GoogleMapiOSSampleTests;
			productName = GoogleMapiOSSampleTests;
			productReference = A8DCBA231E263D6600DCA159 /* GoogleMapiOSSampleTests.xctest */;
			productType = "com.apple.product-type.bundle.unit-test";
		};
		A8DCBA2D1E263D6600DCA159 /* GoogleMapiOSSampleUITests */ = {
			isa = PBXNativeTarget;
			buildConfigurationList = A8DCBA3D1E263D6600DCA159 /* Build configuration list for PBXNativeTarget "GoogleMapiOSSampleUITests" */;
			buildPhases = (
				81C08664554E0B01E64893F1 /* [CP] Check Pods Manifest.lock */,
				A8DCBA2A1E263D6600DCA159 /* Sources */,
				A8DCBA2B1E263D6600DCA159 /* Frameworks */,
				A8DCBA2C1E263D6600DCA159 /* Resources */,
				7B48E933DD08F81C8D48F851 /* [CP] Embed Pods Frameworks */,
				C9F03439A3CBA4C3CD7F74F9 /* [CP] Copy Pods Resources */,
			);
			buildRules = (
			);
			dependencies = (
				A8DCBA301E263D6600DCA159 /* PBXTargetDependency */,
			);
			name = GoogleMapiOSSampleUITests;
			productName = GoogleMapiOSSampleUITests;
			productReference = A8DCBA2E1E263D6600DCA159 /* GoogleMapiOSSampleUITests.xctest */;
			productType = "com.apple.product-type.bundle.ui-testing";
		};
/* End PBXNativeTarget section */

/* Begin PBXProject section */
		A8DCBA071E263D6500DCA159 /* Project object */ = {
			isa = PBXProject;
			attributes = {
				LastSwiftUpdateCheck = 0820;
				LastUpgradeCheck = 0820;
				ORGANIZATIONNAME = sedintechnologies;
				TargetAttributes = {
					A8DCBA0E1E263D6500DCA159 = {
						CreatedOnToolsVersion = 8.2.1;
						DevelopmentTeam = 277RFNKK2M;
						ProvisioningStyle = Automatic;
					};
					A8DCBA221E263D6600DCA159 = {
						CreatedOnToolsVersion = 8.2.1;
						DevelopmentTeam = 277RFNKK2M;
						ProvisioningStyle = Automatic;
						TestTargetID = A8DCBA0E1E263D6500DCA159;
					};
					A8DCBA2D1E263D6600DCA159 = {
						CreatedOnToolsVersion = 8.2.1;
						DevelopmentTeam = 277RFNKK2M;
						ProvisioningStyle = Automatic;
						TestTargetID = A8DCBA0E1E263D6500DCA159;
					};
				};
			};
			buildConfigurationList = A8DCBA0A1E263D6500DCA159 /* Build configuration list for PBXProject "GoogleMapiOSSample" */;
			compatibilityVersion = "Xcode 3.2";
			developmentRegion = English;
			hasScannedForEncodings = 0;
			knownRegions = (
				en,
				Base,
			);
			mainGroup = A8DCBA061E263D6500DCA159;
			productRefGroup = A8DCBA101E263D6500DCA159 /* Products */;
			projectDirPath = "";
			projectRoot = "";
			targets = (
				A8DCBA0E1E263D6500DCA159 /* GoogleMapiOSSample */,
				A8DCBA221E263D6600DCA159 /* GoogleMapiOSSampleTests */,
				A8DCBA2D1E263D6600DCA159 /* GoogleMapiOSSampleUITests */,
			);
		};
/* End PBXProject section */

/* Begin PBXResourcesBuildPhase section */
		A8DCBA0D1E263D6500DCA159 /* Resources */ = {
			isa = PBXResourcesBuildPhase;
			buildActionMask = 2147483647;
			files = (
				A8DCBA1D1E263D6600DCA159 /* LaunchScreen.storyboard in Resources */,
				A8DCBA1A1E263D6600DCA159 /* Assets.xcassets in Resources */,
				A8DCBA181E263D6600DCA159 /* Main.storyboard in Resources */,
			);
			runOnlyForDeploymentPostprocessing = 0;
		};
		A8DCBA211E263D6600DCA159 /* Resources */ = {
			isa = PBXResourcesBuildPhase;
			buildActionMask = 2147483647;
			files = (
			);
			runOnlyForDeploymentPostprocessing = 0;
		};
		A8DCBA2C1E263D6600DCA159 /* Resources */ = {
			isa = PBXResourcesBuildPhase;
			buildActionMask = 2147483647;
			files = (
			);
			runOnlyForDeploymentPostprocessing = 0;
		};
/* End PBXResourcesBuildPhase section */

/* Begin PBXShellScriptBuildPhase section */
		4746B325C784445D811A64E6 /* [CP] Copy Pods Resources */ = {
			isa = PBXShellScriptBuildPhase;
			buildActionMask = 2147483647;
			files = (
			);
			inputPaths = (
			);
			name = "[CP] Copy Pods Resources";
			outputPaths = (
			);
			runOnlyForDeploymentPostprocessing = 0;
			shellPath = /bin/sh;
			shellScript = "\"${SRCROOT}/Pods/Target Support Files/Pods-GoogleMapiOSSampleTests/Pods-GoogleMapiOSSampleTests-resources.sh\"\n";
			showEnvVarsInLog = 0;
		};
		7B48E933DD08F81C8D48F851 /* [CP] Embed Pods Frameworks */ = {
			isa = PBXShellScriptBuildPhase;
			buildActionMask = 2147483647;
			files = (
			);
			inputPaths = (
			);
			name = "[CP] Embed Pods Frameworks";
			outputPaths = (
			);
			runOnlyForDeploymentPostprocessing = 0;
			shellPath = /bin/sh;
			shellScript = "\"${SRCROOT}/Pods/Target Support Files/Pods-GoogleMapiOSSampleUITests/Pods-GoogleMapiOSSampleUITests-frameworks.sh\"\n";
			showEnvVarsInLog = 0;
		};
		7E5DD28A3F1E7C4C26CFE7E8 /* [CP] Embed Pods Frameworks */ = {
			isa = PBXShellScriptBuildPhase;
			buildActionMask = 2147483647;
			files = (
			);
			inputPaths = (
			);
			name = "[CP] Embed Pods Frameworks";
			outputPaths = (
			);
			runOnlyForDeploymentPostprocessing = 0;
			shellPath = /bin/sh;
			shellScript = "\"${SRCROOT}/Pods/Target Support Files/Pods-GoogleMapiOSSample/Pods-GoogleMapiOSSample-frameworks.sh\"\n";
			showEnvVarsInLog = 0;
		};
		804B7F3080766B3CB4DA2437 /* [CP] Check Pods Manifest.lock */ = {
			isa = PBXShellScriptBuildPhase;
			buildActionMask = 2147483647;
			files = (
			);
			inputPaths = (
			);
			name = "[CP] Check Pods Manifest.lock";
			outputPaths = (
			);
			runOnlyForDeploymentPostprocessing = 0;
			shellPath = /bin/sh;
			shellScript = "diff \"${PODS_ROOT}/../Podfile.lock\" \"${PODS_ROOT}/Manifest.lock\" > /dev/null\nif [ $? != 0 ] ; then\n    # print error to STDERR\n    echo \"error: The sandbox is not in sync with the Podfile.lock. Run 'pod install' or update your CocoaPods installation.\" >&2\n    exit 1\nfi\n";
			showEnvVarsInLog = 0;
		};
		81C08664554E0B01E64893F1 /* [CP] Check Pods Manifest.lock */ = {
			isa = PBXShellScriptBuildPhase;
			buildActionMask = 2147483647;
			files = (
			);
			inputPaths = (
			);
			name = "[CP] Check Pods Manifest.lock";
			outputPaths = (
			);
			runOnlyForDeploymentPostprocessing = 0;
			shellPath = /bin/sh;
			shellScript = "diff \"${PODS_ROOT}/../Podfile.lock\" \"${PODS_ROOT}/Manifest.lock\" > /dev/null\nif [ $? != 0 ] ; then\n    # print error to STDERR\n    echo \"error: The sandbox is not in sync with the Podfile.lock. Run 'pod install' or update your CocoaPods installation.\" >&2\n    exit 1\nfi\n";
			showEnvVarsInLog = 0;
		};
		A83C1FCC89BD2205AFE8F496 /* [CP] Check Pods Manifest.lock */ = {
			isa = PBXShellScriptBuildPhase;
			buildActionMask = 2147483647;
			files = (
			);
			inputPaths = (
			);
			name = "[CP] Check Pods Manifest.lock";
			outputPaths = (
			);
			runOnlyForDeploymentPostprocessing = 0;
			shellPath = /bin/sh;
			shellScript = "diff \"${PODS_ROOT}/../Podfile.lock\" \"${PODS_ROOT}/Manifest.lock\" > /dev/null\nif [ $? != 0 ] ; then\n    # print error to STDERR\n    echo \"error: The sandbox is not in sync with the Podfile.lock. Run 'pod install' or update your CocoaPods installation.\" >&2\n    exit 1\nfi\n";
			showEnvVarsInLog = 0;
		};
		C334DB5ADFEF873AD6470DFD /* [CP] Copy Pods Resources */ = {
			isa = PBXShellScriptBuildPhase;
			buildActionMask = 2147483647;
			files = (
			);
			inputPaths = (
			);
			name = "[CP] Copy Pods Resources";
			outputPaths = (
			);
			runOnlyForDeploymentPostprocessing = 0;
			shellPath = /bin/sh;
			shellScript = "\"${SRCROOT}/Pods/Target Support Files/Pods-GoogleMapiOSSample/Pods-GoogleMapiOSSample-resources.sh\"\n";
			showEnvVarsInLog = 0;
		};
		C9F03439A3CBA4C3CD7F74F9 /* [CP] Copy Pods Resources */ = {
			isa = PBXShellScriptBuildPhase;
			buildActionMask = 2147483647;
			files = (
			);
			inputPaths = (
			);
			name = "[CP] Copy Pods Resources";
			outputPaths = (
			);
			runOnlyForDeploymentPostprocessing = 0;
			shellPath = /bin/sh;
			shellScript = "\"${SRCROOT}/Pods/Target Support Files/Pods-GoogleMapiOSSampleUITests/Pods-GoogleMapiOSSampleUITests-resources.sh\"\n";
			showEnvVarsInLog = 0;
		};
		CE1A9814A4C3D26A498F5332 /* [CP] Embed Pods Frameworks */ = {
			isa = PBXShellScriptBuildPhase;
			buildActionMask = 2147483647;
			files = (
			);
			inputPaths = (
			);
			name = "[CP] Embed Pods Frameworks";
			outputPaths = (
			);
			runOnlyForDeploymentPostprocessing = 0;
			shellPath = /bin/sh;
			shellScript = "\"${SRCROOT}/Pods/Target Support Files/Pods-GoogleMapiOSSampleTests/Pods-GoogleMapiOSSampleTests-frameworks.sh\"\n";
			showEnvVarsInLog = 0;
		};
/* End PBXShellScriptBuildPhase section */

/* Begin PBXSourcesBuildPhase section */
		A8DCBA0B1E263D6500DCA159 /* Sources */ = {
			isa = PBXSourcesBuildPhase;
			buildActionMask = 2147483647;
			files = (
				A8DCBA151E263D6600DCA159 /* ViewController.swift in Sources */,
				A8DCBA131E263D6600DCA159 /* AppDelegate.swift in Sources */,
			);
			runOnlyForDeploymentPostprocessing = 0;
		};
		A8DCBA1F1E263D6600DCA159 /* Sources */ = {
			isa = PBXSourcesBuildPhase;
			buildActionMask = 2147483647;
			files = (
				A8DCBA281E263D6600DCA159 /* GoogleMapiOSSampleTests.swift in Sources */,
			);
			runOnlyForDeploymentPostprocessing = 0;
		};
		A8DCBA2A1E263D6600DCA159 /* Sources */ = {
			isa = PBXSourcesBuildPhase;
			buildActionMask = 2147483647;
			files = (
				A8DCBA331E263D6600DCA159 /* GoogleMapiOSSampleUITests.swift in Sources */,
			);
			runOnlyForDeploymentPostprocessing = 0;
		};
/* End PBXSourcesBuildPhase section */

/* Begin PBXTargetDependency section */
		A8DCBA251E263D6600DCA159 /* PBXTargetDependency */ = {
			isa = PBXTargetDependency;
			target = A8DCBA0E1E263D6500DCA159 /* GoogleMapiOSSample */;
			targetProxy = A8DCBA241E263D6600DCA159 /* PBXContainerItemProxy */;
		};
		A8DCBA301E263D6600DCA159 /* PBXTargetDependency */ = {
			isa = PBXTargetDependency;
			target = A8DCBA0E1E263D6500DCA159 /* GoogleMapiOSSample */;
			targetProxy = A8DCBA2F1E263D6600DCA159 /* PBXContainerItemProxy */;
		};
/* End PBXTargetDependency section */

/* Begin PBXVariantGroup section */
		A8DCBA161E263D6600DCA159 /* Main.storyboard */ = {
			isa = PBXVariantGroup;
			children = (
				A8DCBA171E263D6600DCA159 /* Base */,
			);
			name = Main.storyboard;
			sourceTree = "<group>";
		};
		A8DCBA1B1E263D6600DCA159 /* LaunchScreen.storyboard */ = {
			isa = PBXVariantGroup;
			children = (
				A8DCBA1C1E263D6600DCA159 /* Base */,
			);
			name = LaunchScreen.storyboard;
			sourceTree = "<group>";
		};
/* End PBXVariantGroup section */

/* Begin XCBuildConfiguration section */
		A8DCBA351E263D6600DCA159 /* Debug */ = {
			isa = XCBuildConfiguration;
			buildSettings = {
				ALWAYS_SEARCH_USER_PATHS = NO;
				CLANG_ANALYZER_NONNULL = YES;
				CLANG_CXX_LANGUAGE_STANDARD = "gnu++0x";
				CLANG_CXX_LIBRARY = "libc++";
				CLANG_ENABLE_MODULES = YES;
				CLANG_ENABLE_OBJC_ARC = YES;
				CLANG_WARN_BOOL_CONVERSION = YES;
				CLANG_WARN_CONSTANT_CONVERSION = YES;
				CLANG_WARN_DIRECT_OBJC_ISA_USAGE = YES_ERROR;
				CLANG_WARN_DOCUMENTATION_COMMENTS = YES;
				CLANG_WARN_EMPTY_BODY = YES;
				CLANG_WARN_ENUM_CONVERSION = YES;
				CLANG_WARN_INFINITE_RECURSION = YES;
				CLANG_WARN_INT_CONVERSION = YES;
				CLANG_WARN_OBJC_ROOT_CLASS = YES_ERROR;
				CLANG_WARN_SUSPICIOUS_MOVE = YES;
				CLANG_WARN_UNREACHABLE_CODE = YES;
				CLANG_WARN__DUPLICATE_METHOD_MATCH = YES;
				"CODE_SIGN_IDENTITY[sdk=iphoneos*]" = "iPhone Developer";
				COPY_PHASE_STRIP = NO;
				DEBUG_INFORMATION_FORMAT = dwarf;
				ENABLE_STRICT_OBJC_MSGSEND = YES;
				ENABLE_TESTABILITY = YES;
				GCC_C_LANGUAGE_STANDARD = gnu99;
				GCC_DYNAMIC_NO_PIC = NO;
				GCC_NO_COMMON_BLOCKS = YES;
				GCC_OPTIMIZATION_LEVEL = 0;
				GCC_PREPROCESSOR_DEFINITIONS = (
					"DEBUG=1",
					"$(inherited)",
				);
				GCC_WARN_64_TO_32_BIT_CONVERSION = YES;
				GCC_WARN_ABOUT_RETURN_TYPE = YES_ERROR;
				GCC_WARN_UNDECLARED_SELECTOR = YES;
				GCC_WARN_UNINITIALIZED_AUTOS = YES_AGGRESSIVE;
				GCC_WARN_UNUSED_FUNCTION = YES;
				GCC_WARN_UNUSED_VARIABLE = YES;
				IPHONEOS_DEPLOYMENT_TARGET = 10.2;
				MTL_ENABLE_DEBUG_INFO = YES;
				ONLY_ACTIVE_ARCH = YES;
				SDKROOT = iphoneos;
				SWIFT_ACTIVE_COMPILATION_CONDITIONS = DEBUG;
				SWIFT_OPTIMIZATION_LEVEL = "-Onone";
			};
			name = Debug;
		};
		A8DCBA361E263D6600DCA159 /* Release */ = {
			isa = XCBuildConfiguration;
			buildSettings = {
				ALWAYS_SEARCH_USER_PATHS = NO;
				CLANG_ANALYZER_NONNULL = YES;
				CLANG_CXX_LANGUAGE_STANDARD = "gnu++0x";
				CLANG_CXX_LIBRARY = "libc++";
				CLANG_ENABLE_MODULES = YES;
				CLANG_ENABLE_OBJC_ARC = YES;
				CLANG_WARN_BOOL_CONVERSION = YES;
				CLANG_WARN_CONSTANT_CONVERSION = YES;
				CLANG_WARN_DIRECT_OBJC_ISA_USAGE = YES_ERROR;
				CLANG_WARN_DOCUMENTATION_COMMENTS = YES;
				CLANG_WARN_EMPTY_BODY = YES;
				CLANG_WARN_ENUM_CONVERSION = YES;
				CLANG_WARN_INFINITE_RECURSION = YES;
				CLANG_WARN_INT_CONVERSION = YES;
				CLANG_WARN_OBJC_ROOT_CLASS = YES_ERROR;
				CLANG_WARN_SUSPICIOUS_MOVE = YES;
				CLANG_WARN_UNREACHABLE_CODE = YES;
				CLANG_WARN__DUPLICATE_METHOD_MATCH = YES;
				"CODE_SIGN_IDENTITY[sdk=iphoneos*]" = "iPhone Developer";
				COPY_PHASE_STRIP = NO;
				DEBUG_INFORMATION_FORMAT = "dwarf-with-dsym";
				ENABLE_NS_ASSERTIONS = NO;
				ENABLE_STRICT_OBJC_MSGSEND = YES;
				GCC_C_LANGUAGE_STANDARD = gnu99;
				GCC_NO_COMMON_BLOCKS = YES;
				GCC_WARN_64_TO_32_BIT_CONVERSION = YES;
				GCC_WARN_ABOUT_RETURN_TYPE = YES_ERROR;
				GCC_WARN_UNDECLARED_SELECTOR = YES;
				GCC_WARN_UNINITIALIZED_AUTOS = YES_AGGRESSIVE;
				GCC_WARN_UNUSED_FUNCTION = YES;
				GCC_WARN_UNUSED_VARIABLE = YES;
				IPHONEOS_DEPLOYMENT_TARGET = 10.2;
				MTL_ENABLE_DEBUG_INFO = NO;
				SDKROOT = iphoneos;
				SWIFT_OPTIMIZATION_LEVEL = "-Owholemodule";
				VALIDATE_PRODUCT = YES;
			};
			name = Release;
		};
		A8DCBA381E263D6600DCA159 /* Debug */ = {
			isa = XCBuildConfiguration;
			baseConfigurationReference = 63E0EC6FD6D4890853E0DBB6 /* Pods-GoogleMapiOSSample.debug.xcconfig */;
			buildSettings = {
				ASSETCATALOG_COMPILER_APPICON_NAME = AppIcon;
				DEVELOPMENT_TEAM = 277RFNKK2M;
				INFOPLIST_FILE = GoogleMapiOSSample/Info.plist;
				LD_RUNPATH_SEARCH_PATHS = "$(inherited) @executable_path/Frameworks";
				PRODUCT_BUNDLE_IDENTIFIER = com.sedintechnologies.GoogleMapiOSSample;
				PRODUCT_NAME = "$(TARGET_NAME)";
				SWIFT_VERSION = 3.0;
			};
			name = Debug;
		};
		A8DCBA391E263D6600DCA159 /* Release */ = {
			isa = XCBuildConfiguration;
			baseConfigurationReference = 7971AB84CDF70E73501A66AA /* Pods-GoogleMapiOSSample.release.xcconfig */;
			buildSettings = {
				ASSETCATALOG_COMPILER_APPICON_NAME = AppIcon;
				DEVELOPMENT_TEAM = 277RFNKK2M;
				INFOPLIST_FILE = GoogleMapiOSSample/Info.plist;
				LD_RUNPATH_SEARCH_PATHS = "$(inherited) @executable_path/Frameworks";
				PRODUCT_BUNDLE_IDENTIFIER = com.sedintechnologies.GoogleMapiOSSample;
				PRODUCT_NAME = "$(TARGET_NAME)";
				SWIFT_VERSION = 3.0;
			};
			name = Release;
		};
		A8DCBA3B1E263D6600DCA159 /* Debug */ = {
			isa = XCBuildConfiguration;
			baseConfigurationReference = FB36D659D7C3A93DDEACE668 /* Pods-GoogleMapiOSSampleTests.debug.xcconfig */;
			buildSettings = {
				ALWAYS_EMBED_SWIFT_STANDARD_LIBRARIES = YES;
				BUNDLE_LOADER = "$(TEST_HOST)";
				DEVELOPMENT_TEAM = 277RFNKK2M;
				INFOPLIST_FILE = GoogleMapiOSSampleTests/Info.plist;
				LD_RUNPATH_SEARCH_PATHS = "$(inherited) @executable_path/Frameworks @loader_path/Frameworks";
				PRODUCT_BUNDLE_IDENTIFIER = com.sedintechnologies.GoogleMapiOSSampleTests;
				PRODUCT_NAME = "$(TARGET_NAME)";
				SWIFT_VERSION = 3.0;
				TEST_HOST = "$(BUILT_PRODUCTS_DIR)/GoogleMapiOSSample.app/GoogleMapiOSSample";
			};
			name = Debug;
		};
		A8DCBA3C1E263D6600DCA159 /* Release */ = {
			isa = XCBuildConfiguration;
			baseConfigurationReference = F4F3953E1F9C9BE4F363A4EC /* Pods-GoogleMapiOSSampleTests.release.xcconfig */;
			buildSettings = {
				ALWAYS_EMBED_SWIFT_STANDARD_LIBRARIES = YES;
				BUNDLE_LOADER = "$(TEST_HOST)";
				DEVELOPMENT_TEAM = 277RFNKK2M;
				INFOPLIST_FILE = GoogleMapiOSSampleTests/Info.plist;
				LD_RUNPATH_SEARCH_PATHS = "$(inherited) @executable_path/Frameworks @loader_path/Frameworks";
				PRODUCT_BUNDLE_IDENTIFIER = com.sedintechnologies.GoogleMapiOSSampleTests;
				PRODUCT_NAME = "$(TARGET_NAME)";
				SWIFT_VERSION = 3.0;
				TEST_HOST = "$(BUILT_PRODUCTS_DIR)/GoogleMapiOSSample.app/GoogleMapiOSSample";
			};
			name = Release;
		};
		A8DCBA3E1E263D6600DCA159 /* Debug */ = {
			isa = XCBuildConfiguration;
			baseConfigurationReference = 5C527C131DC783C9EC1B2DD9 /* Pods-GoogleMapiOSSampleUITests.debug.xcconfig */;
			buildSettings = {
				ALWAYS_EMBED_SWIFT_STANDARD_LIBRARIES = YES;
				DEVELOPMENT_TEAM = 277RFNKK2M;
				INFOPLIST_FILE = GoogleMapiOSSampleUITests/Info.plist;
				LD_RUNPATH_SEARCH_PATHS = "$(inherited) @executable_path/Frameworks @loader_path/Frameworks";
				PRODUCT_BUNDLE_IDENTIFIER = com.sedintechnologies.GoogleMapiOSSampleUITests;
				PRODUCT_NAME = "$(TARGET_NAME)";
				SWIFT_VERSION = 3.0;
				TEST_TARGET_NAME = GoogleMapiOSSample;
			};
			name = Debug;
		};
		A8DCBA3F1E263D6600DCA159 /* Release */ = {
			isa = XCBuildConfiguration;
			baseConfigurationReference = 1D33184D90A350B5F96BC680 /* Pods-GoogleMapiOSSampleUITests.release.xcconfig */;
			buildSettings = {
				ALWAYS_EMBED_SWIFT_STANDARD_LIBRARIES = YES;
				DEVELOPMENT_TEAM = 277RFNKK2M;
				INFOPLIST_FILE = GoogleMapiOSSampleUITests/Info.plist;
				LD_RUNPATH_SEARCH_PATHS = "$(inherited) @executable_path/Frameworks @loader_path/Frameworks";
				PRODUCT_BUNDLE_IDENTIFIER = com.sedintechnologies.GoogleMapiOSSampleUITests;
				PRODUCT_NAME = "$(TARGET_NAME)";
				SWIFT_VERSION = 3.0;
				TEST_TARGET_NAME = GoogleMapiOSSample;
			};
			name = Release;
		};
/* End XCBuildConfiguration section */

/* Begin XCConfigurationList section */
		A8DCBA0A1E263D6500DCA159 /* Build configuration list for PBXProject "GoogleMapiOSSample" */ = {
			isa = XCConfigurationList;
			buildConfigurations = (
				A8DCBA351E263D6600DCA159 /* Debug */,
				A8DCBA361E263D6600DCA159 /* Release */,
			);
			defaultConfigurationIsVisible = 0;
			defaultConfigurationName = Release;
		};
		A8DCBA371E263D6600DCA159 /* Build configuration list for PBXNativeTarget "GoogleMapiOSSample" */ = {
			isa = XCConfigurationList;
			buildConfigurations = (
				A8DCBA381E263D6600DCA159 /* Debug */,
				A8DCBA391E263D6600DCA159 /* Release */,
			);
			defaultConfigurationIsVisible = 0;
		};
		A8DCBA3A1E263D6600DCA159 /* Build configuration list for PBXNativeTarget "GoogleMapiOSSampleTests" */ = {
			isa = XCConfigurationList;
			buildConfigurations = (
				A8DCBA3B1E263D6600DCA159 /* Debug */,
				A8DCBA3C1E263D6600DCA159 /* Release */,
			);
			defaultConfigurationIsVisible = 0;
		};
		A8DCBA3D1E263D6600DCA159 /* Build configuration list for PBXNativeTarget "GoogleMapiOSSampleUITests" */ = {
			isa = XCConfigurationList;
			buildConfigurations = (
				A8DCBA3E1E263D6600DCA159 /* Debug */,
				A8DCBA3F1E263D6600DCA159 /* Release */,
			);
			defaultConfigurationIsVisible = 0;
		};
/* End XCConfigurationList section */
	};
	rootObject = A8DCBA071E263D6500DCA159 /* Project object */;
}
